// !$*UTF8*$!
{
	archiveVersion = 1;
	classes = {
	};
	objectVersion = 46;
	objects = {

/* Begin PBXBuildFile section */
		77C22ECB1D3FB82B00A0C065 /* AppDelegate.swift in Sources */ = {isa = PBXBuildFile; fileRef = 77C22ECA1D3FB82B00A0C065 /* AppDelegate.swift */; };
		77C22ECD1D3FB82B00A0C065 /* ViewController.swift in Sources */ = {isa = PBXBuildFile; fileRef = 77C22ECC1D3FB82B00A0C065 /* ViewController.swift */; };
		77C22ED01D3FB82B00A0C065 /* Main.storyboard in Resources */ = {isa = PBXBuildFile; fileRef = 77C22ECE1D3FB82B00A0C065 /* Main.storyboard */; };
		77C22ED31D3FB82B00A0C065 /* Talli.xcdatamodeld in Sources */ = {isa = PBXBuildFile; fileRef = 77C22ED11D3FB82B00A0C065 /* Talli.xcdatamodeld */; };
		77C22ED51D3FB82B00A0C065 /* Assets.xcassets in Resources */ = {isa = PBXBuildFile; fileRef = 77C22ED41D3FB82B00A0C065 /* Assets.xcassets */; };
		77C22ED81D3FB82B00A0C065 /* LaunchScreen.storyboard in Resources */ = {isa = PBXBuildFile; fileRef = 77C22ED61D3FB82B00A0C065 /* LaunchScreen.storyboard */; };
/* End PBXBuildFile section */

/* Begin PBXFileReference section */
		77C22EC71D3FB82B00A0C065 /* Talli.app */ = {isa = PBXFileReference; explicitFileType = wrapper.application; includeInIndex = 0; path = Talli.app; sourceTree = BUILT_PRODUCTS_DIR; };
		77C22ECA1D3FB82B00A0C065 /* AppDelegate.swift */ = {isa = PBXFileReference; lastKnownFileType = sourcecode.swift; path = AppDelegate.swift; sourceTree = "<group>"; };
		77C22ECC1D3FB82B00A0C065 /* ViewController.swift */ = {isa = PBXFileReference; lastKnownFileType = sourcecode.swift; path = ViewController.swift; sourceTree = "<group>"; };
		77C22ECF1D3FB82B00A0C065 /* Base */ = {isa = PBXFileReference; lastKnownFileType = file.storyboard; name = Base; path = Base.lproj/Main.storyboard; sourceTree = "<group>"; };
		77C22ED21D3FB82B00A0C065 /* Talli.xcdatamodel */ = {isa = PBXFileReference; lastKnownFileType = wrapper.xcdatamodel; path = Talli.xcdatamodel; sourceTree = "<group>"; };
		77C22ED41D3FB82B00A0C065 /* Assets.xcassets */ = {isa = PBXFileReference; lastKnownFileType = folder.assetcatalog; path = Assets.xcassets; sourceTree = "<group>"; };
		77C22ED71D3FB82B00A0C065 /* Base */ = {isa = PBXFileReference; lastKnownFileType = file.storyboard; name = Base; path = Base.lproj/LaunchScreen.storyboard; sourceTree = "<group>"; };
		77C22ED91D3FB82B00A0C065 /* Info.plist */ = {isa = PBXFileReference; lastKnownFileType = text.plist.xml; path = Info.plist; sourceTree = "<group>"; };
/* End PBXFileReference section */

/* Begin PBXFrameworksBuildPhase section */
		77C22EC41D3FB82B00A0C065 /* Frameworks */ = {
			isa = PBXFrameworksBuildPhase;
			buildActionMask = 2147483647;
			files = (
			);
			runOnlyForDeploymentPostprocessing = 0;
		};
/* End PBXFrameworksBuildPhase section */

/* Begin PBXGroup section */
		77C22EBE1D3FB82B00A0C065 = {
			isa = PBXGroup;
			children = (
				77C22EC91D3FB82B00A0C065 /* Talli */,
				77C22EC81D3FB82B00A0C065 /* Products */,
			);
			sourceTree = "<group>";
		};
		77C22EC81D3FB82B00A0C065 /* Products */ = {
			isa = PBXGroup;
			children = (
				77C22EC71D3FB82B00A0C065 /* Talli.app */,
			);
			name = Products;
			sourceTree = "<group>";
		};
		77C22EC91D3FB82B00A0C065 /* Talli */ = {
			isa = PBXGroup;
			children = (
				77C22ECA1D3FB82B00A0C065 /* AppDelegate.swift */,
				77C22ECC1D3FB82B00A0C065 /* ViewController.swift */,
				77C22ECE1D3FB82B00A0C065 /* Main.storyboard */,
				77C22ED41D3FB82B00A0C065 /* Assets.xcassets */,
				77C22ED61D3FB82B00A0C065 /* LaunchScreen.storyboard */,
				77C22ED91D3FB82B00A0C065 /* Info.plist */,
				77C22ED11D3FB82B00A0C065 /* Talli.xcdatamodeld */,
			);
			path = Talli;
			sourceTree = "<group>";
		};
/* End PBXGroup section */

/* Begin PBXNativeTarget section */
		77C22EC61D3FB82B00A0C065 /* Talli */ = {
			isa = PBXNativeTarget;
			buildConfigurationList = 77C22EDC1D3FB82B00A0C065 /* Build configuration list for PBXNativeTarget "Talli" */;
			buildPhases = (
				77C22EC31D3FB82B00A0C065 /* Sources */,
				77C22EC41D3FB82B00A0C065 /* Frameworks */,
				77C22EC51D3FB82B00A0C065 /* Resources */,
			);
			buildRules = (
			);
			dependencies = (
			);
			name = Talli;
			productName = Talli;
			productReference = 77C22EC71D3FB82B00A0C065 /* Talli.app */;
			productType = "com.apple.product-type.application";
		};
/* End PBXNativeTarget section */

/* Begin PBXProject section */
		77C22EBF1D3FB82B00A0C065 /* Project object */ = {
			isa = PBXProject;
			attributes = {
				LastSwiftUpdateCheck = 0720;
				LastUpgradeCheck = 0720;
				ORGANIZATIONNAME = bigcity;
				TargetAttributes = {
					77C22EC61D3FB82B00A0C065 = {
						CreatedOnToolsVersion = 7.2;
					};
				};
			};
			buildConfigurationList = 77C22EC21D3FB82B00A0C065 /* Build configuration list for PBXProject "Talli" */;
			compatibilityVersion = "Xcode 3.2";
			developmentRegion = English;
			hasScannedForEncodings = 0;
			knownRegions = (
				en,
				Base,
			);
			mainGroup = 77C22EBE1D3FB82B00A0C065;
			productRefGroup = 77C22EC81D3FB82B00A0C065 /* Products */;
			projectDirPath = "";
			projectRoot = "";
			targets = (
				77C22EC61D3FB82B00A0C065 /* Talli */,
			);
		};
/* End PBXProject section */

/* Begin PBXResourcesBuildPhase section */
		77C22EC51D3FB82B00A0C065 /* Resources */ = {
			isa = PBXResourcesBuildPhase;
			buildActionMask = 2147483647;
			files = (
				77C22ED81D3FB82B00A0C065 /* LaunchScreen.storyboard in Resources */,
				77C22ED51D3FB82B00A0C065 /* Assets.xcassets in Resources */,
				77C22ED01D3FB82B00A0C065 /* Main.storyboard in Resources */,
			);
			runOnlyForDeploymentPostprocessing = 0;
		};
/* End PBXResourcesBuildPhase section */

/* Begin PBXSourcesBuildPhase section */
		77C22EC31D3FB82B00A0C065 /* Sources */ = {
			isa = PBXSourcesBuildPhase;
			buildActionMask = 2147483647;
			files = (
				77C22ECD1D3FB82B00A0C065 /* ViewController.swift in Sources */,
				77C22ED31D3FB82B00A0C065 /* Talli.xcdatamodeld in Sources */,
				77C22ECB1D3FB82B00A0C065 /* AppDelegate.swift in Sources */,
			);
			runOnlyForDeploymentPostprocessing = 0;
		};
/* End PBXSourcesBuildPhase section */

/* Begin PBXVariantGroup section */
		77C22ECE1D3FB82B00A0C065 /* Main.storyboard */ = {
			isa = PBXVariantGroup;
			children = (
				77C22ECF1D3FB82B00A0C065 /* Base */,
			);
			name = Main.storyboard;
			sourceTree = "<group>";
		};
		77C22ED61D3FB82B00A0C065 /* LaunchScreen.storyboard */ = {
			isa = PBXVariantGroup;
			children = (
				77C22ED71D3FB82B00A0C065 /* Base */,
			);
			name = LaunchScreen.storyboard;
			sourceTree = "<group>";
		};
/* End PBXVariantGroup section */

/* Begin XCBuildConfiguration section */
		77C22EDA1D3FB82B00A0C065 /* Debug */ = {
			isa = XCBuildConfiguration;
			buildSettings = {
				ALWAYS_SEARCH_USER_PATHS = NO;
				CLANG_CXX_LANGUAGE_STANDARD = "gnu++0x";
				CLANG_CXX_LIBRARY = "libc++";
				CLANG_ENABLE_MODULES = YES;
				CLANG_ENABLE_OBJC_ARC = YES;
				CLANG_WARN_BOOL_CONVERSION = YES;
				CLANG_WARN_CONSTANT_CONVERSION = YES;
				CLANG_WARN_DIRECT_OBJC_ISA_USAGE = YES_ERROR;
				CLANG_WARN_EMPTY_BODY = YES;
				CLANG_WARN_ENUM_CONVERSION = YES;
				CLANG_WARN_INT_CONVERSION = YES;
				CLANG_WARN_OBJC_ROOT_CLASS = YES_ERROR;
				CLANG_WARN_UNREACHABLE_CODE = YES;
				CLANG_WARN__DUPLICATE_METHOD_MATCH = YES;
				"CODE_SIGN_IDENTITY[sdk=iphoneos*]" = "iPhone Developer";
				COPY_PHASE_STRIP = NO;
				DEBUG_INFORMATION_FORMAT = dwarf;
				ENABLE_STRICT_OBJC_MSGSEND = YES;
				ENABLE_TESTABILITY = YES;
				GCC_C_LANGUAGE_STANDARD = gnu99;
				GCC_DYNAMIC_NO_PIC = NO;
				GCC_NO_COMMON_BLOCKS = YES;
				GCC_OPTIMIZATION_LEVEL = 0;
				GCC_PREPROCESSOR_DEFINITIONS = (
					"DEBUG=1",
					"$(inherited)",
				);
				GCC_WARN_64_TO_32_BIT_CONVERSION = YES;
				GCC_WARN_ABOUT_RETURN_TYPE = YES_ERROR;
				GCC_WARN_UNDECLARED_SELECTOR = YES;
				GCC_WARN_UNINITIALIZED_AUTOS = YES_AGGRESSIVE;
				GCC_WARN_UNUSED_FUNCTION = YES;
				GCC_WARN_UNUSED_VARIABLE = YES;
				IPHONEOS_DEPLOYMENT_TARGET = 9.2;
				MTL_ENABLE_DEBUG_INFO = YES;
				ONLY_ACTIVE_ARCH = YES;
				SDKROOT = iphoneos;
				SWIFT_OPTIMIZATION_LEVEL = "-Onone";
			};
			name = Debug;
		};
		77C22EDB1D3FB82B00A0C065 /* Release */ = {
			isa = XCBuildConfiguration;
			buildSettings = {
				ALWAYS_SEARCH_USER_PATHS = NO;
				CLANG_CXX_LANGUAGE_STANDARD = "gnu++0x";
				CLANG_CXX_LIBRARY = "libc++";
				CLANG_ENABLE_MODULES = YES;
				CLANG_ENABLE_OBJC_ARC = YES;
				CLANG_WARN_BOOL_CONVERSION = YES;
				CLANG_WARN_CONSTANT_CONVERSION = YES;
				CLANG_WARN_DIRECT_OBJC_ISA_USAGE = YES_ERROR;
				CLANG_WARN_EMPTY_BODY = YES;
				CLANG_WARN_ENUM_CONVERSION = YES;
				CLANG_WARN_INT_CONVERSION = YES;
				CLANG_WARN_OBJC_ROOT_CLASS = YES_ERROR;
				CLANG_WARN_UNREACHABLE_CODE = YES;
				CLANG_WARN__DUPLICATE_METHOD_MATCH = YES;
				"CODE_SIGN_IDENTITY[sdk=iphoneos*]" = "iPhone Developer";
				COPY_PHASE_STRIP = NO;
				DEBUG_INFORMATION_FORMAT = "dwarf-with-dsym";
				ENABLE_NS_ASSERTIONS = NO;
				ENABLE_STRICT_OBJC_MSGSEND = YES;
				GCC_C_LANGUAGE_STANDARD = gnu99;
				GCC_NO_COMMON_BLOCKS = YES;
				GCC_WARN_64_TO_32_BIT_CONVERSION = YES;
				GCC_WARN_ABOUT_RETURN_TYPE = YES_ERROR;
				GCC_WARN_UNDECLARED_SELECTOR = YES;
				GCC_WARN_UNINITIALIZED_AUTOS = YES_AGGRESSIVE;
				GCC_WARN_UNUSED_FUNCTION = YES;
				GCC_WARN_UNUSED_VARIABLE = YES;
				IPHONEOS_DEPLOYMENT_TARGET = 9.2;
				MTL_ENABLE_DEBUG_INFO = NO;
				SDKROOT = iphoneos;
				VALIDATE_PRODUCT = YES;
			};
			name = Release;
		};
		77C22EDD1D3FB82B00A0C065 /* Debug */ = {
			isa = XCBuildConfiguration;
			buildSettings = {
				ASSETCATALOG_COMPILER_APPICON_NAME = AppIcon;
				INFOPLIST_FILE = Talli/Info.plist;
				LD_RUNPATH_SEARCH_PATHS = "$(inherited) @executable_path/Frameworks";
				PRODUCT_BUNDLE_IDENTIFIER = com.bigcity.Talli;
				PRODUCT_NAME = "$(TARGET_NAME)";
			};
			name = Debug;
		};
		77C22EDE1D3FB82B00A0C065 /* Release */ = {
			isa = XCBuildConfiguration;
			buildSettings = {
				ASSETCATALOG_COMPILER_APPICON_NAME = AppIcon;
				INFOPLIST_FILE = Talli/Info.plist;
				LD_RUNPATH_SEARCH_PATHS = "$(inherited) @executable_path/Frameworks";
				PRODUCT_BUNDLE_IDENTIFIER = com.bigcity.Talli;
				PRODUCT_NAME = "$(TARGET_NAME)";
			};
			name = Release;
		};
/* End XCBuildConfiguration section */

/* Begin XCConfigurationList section */
		77C22EC21D3FB82B00A0C065 /* Build configuration list for PBXProject "Talli" */ = {
			isa = XCConfigurationList;
			buildConfigurations = (
				77C22EDA1D3FB82B00A0C065 /* Debug */,
				77C22EDB1D3FB82B00A0C065 /* Release */,
			);
			defaultConfigurationIsVisible = 0;
			defaultConfigurationName = Release;
		};
		77C22EDC1D3FB82B00A0C065 /* Build configuration list for PBXNativeTarget "Talli" */ = {
			isa = XCConfigurationList;
			buildConfigurations = (
				77C22EDD1D3FB82B00A0C065 /* Debug */,
				77C22EDE1D3FB82B00A0C065 /* Release */,
			);
			defaultConfigurationIsVisible = 0;
		};
/* End XCConfigurationList section */

/* Begin XCVersionGroup section */
		77C22ED11D3FB82B00A0C065 /* Talli.xcdatamodeld */ = {
			isa = XCVersionGroup;
			children = (
				77C22ED21D3FB82B00A0C065 /* Talli.xcdatamodel */,
			);
			currentVersion = 77C22ED21D3FB82B00A0C065 /* Talli.xcdatamodel */;
			path = Talli.xcdatamodeld;
			sourceTree = "<group>";
			versionGroupType = wrapper.xcdatamodel;
		};
/* End XCVersionGroup section */
	};
	rootObject = 77C22EBF1D3FB82B00A0C065 /* Project object */;
}
